{
  "version": 4,
  "terraform_version": "0.13.4",
  "serial": 48,
  "lineage": "50598377-16e1-b2da-92d2-c2f820f7c4c0",
  "outputs": {
    "alarmdiscription": {
      "value": [
        {
          "actions_enabled": true,
          "alarm_actions": [
            "arn:aws:sns:us-east-1:783506265414:patchingdemo786-alarms-topic"
          ],
          "alarm_description": "This metric monitors ec2 cpu utilization",
          "alarm_name": "patchingdemoodm-cpu-alarm",
          "arn": "arn:aws:cloudwatch:us-east-1:783506265414:alarm:patchingdemoodm-cpu-alarm",
          "comparison_operator": "GreaterThanOrEqualToThreshold",
          "datapoints_to_alarm": 0,
          "dimensions": {
            "InstanceId": "i-0ad5df6ace6491b09"
          },
          "evaluate_low_sample_count_percentiles": "",
          "evaluation_periods": 2,
          "extended_statistic": "",
          "id": "patchingdemoodm-cpu-alarm",
          "insufficient_data_actions": [],
          "metric_name": "CPUUtilization",
          "metric_query": [],
          "namespace": "AWS/EC2",
          "ok_actions": [],
          "period": 120,
          "statistic": "Average",
          "tags": {},
          "threshold": 80,
          "threshold_metric_id": "",
          "treat_missing_data": "missing",
          "unit": ""
        },
        {
          "actions_enabled": true,
          "alarm_actions": [
            "arn:aws:sns:us-east-1:783506265414:patchingdemo786-alarms-topic"
          ],
          "alarm_description": "This metric monitors ec2 cpu utilization",
          "alarm_name": "patchingdemobidx1-cpu-alarm",
          "arn": "arn:aws:cloudwatch:us-east-1:783506265414:alarm:patchingdemobidx1-cpu-alarm",
          "comparison_operator": "GreaterThanOrEqualToThreshold",
          "datapoints_to_alarm": 0,
          "dimensions": {
            "InstanceId": "i-0fae95459cb64de90"
          },
          "evaluate_low_sample_count_percentiles": "",
          "evaluation_periods": 2,
          "extended_statistic": "",
          "id": "patchingdemobidx1-cpu-alarm",
          "insufficient_data_actions": [],
          "metric_name": "CPUUtilization",
          "metric_query": [],
          "namespace": "AWS/EC2",
          "ok_actions": [],
          "period": 120,
          "statistic": "Average",
          "tags": {},
          "threshold": 80,
          "threshold_metric_id": "",
          "treat_missing_data": "missing",
          "unit": ""
        },
        {
          "actions_enabled": true,
          "alarm_actions": [
            "arn:aws:sns:us-east-1:783506265414:patchingdemo786-alarms-topic"
          ],
          "alarm_description": "This metric monitors ec2 cpu utilization",
          "alarm_name": "patchingdemobsh-2-cpu-alarm",
          "arn": "arn:aws:cloudwatch:us-east-1:783506265414:alarm:patchingdemobsh-2-cpu-alarm",
          "comparison_operator": "GreaterThanOrEqualToThreshold",
          "datapoints_to_alarm": 0,
          "dimensions": {
            "InstanceId": "i-0f0afa89dc4e6c66b"
          },
          "evaluate_low_sample_count_percentiles": "",
          "evaluation_periods": 2,
          "extended_statistic": "",
          "id": "patchingdemobsh-2-cpu-alarm",
          "insufficient_data_actions": [],
          "metric_name": "CPUUtilization",
          "metric_query": [],
          "namespace": "AWS/EC2",
          "ok_actions": [],
          "period": 120,
          "statistic": "Average",
          "tags": {},
          "threshold": 80,
          "threshold_metric_id": "",
          "treat_missing_data": "missing",
          "unit": ""
        }
      ],
      "type": [
        "tuple",
        [
          [
            "object",
            {
              "actions_enabled": "bool",
              "alarm_actions": [
                "set",
                "string"
              ],
              "alarm_description": "string",
              "alarm_name": "string",
              "arn": "string",
              "comparison_operator": "string",
              "datapoints_to_alarm": "number",
              "dimensions": [
                "map",
                "string"
              ],
              "evaluate_low_sample_count_percentiles": "string",
              "evaluation_periods": "number",
              "extended_statistic": "string",
              "id": "string",
              "insufficient_data_actions": [
                "set",
                "string"
              ],
              "metric_name": "string",
              "metric_query": [
                "set",
                [
                  "object",
                  {
                    "expression": "string",
                    "id": "string",
                    "label": "string",
                    "metric": [
                      "list",
                      [
                        "object",
                        {
                          "dimensions": [
                            "map",
                            "string"
                          ],
                          "metric_name": "string",
                          "namespace": "string",
                          "period": "number",
                          "stat": "string",
                          "unit": "string"
                        }
                      ]
                    ],
                    "return_data": "bool"
                  }
                ]
              ],
              "namespace": "string",
              "ok_actions": [
                "set",
                "string"
              ],
              "period": "number",
              "statistic": "string",
              "tags": [
                "map",
                "string"
              ],
              "threshold": "number",
              "threshold_metric_id": "string",
              "treat_missing_data": "string",
              "unit": "string"
            }
          ],
          [
            "object",
            {
              "actions_enabled": "bool",
              "alarm_actions": [
                "set",
                "string"
              ],
              "alarm_description": "string",
              "alarm_name": "string",
              "arn": "string",
              "comparison_operator": "string",
              "datapoints_to_alarm": "number",
              "dimensions": [
                "map",
                "string"
              ],
              "evaluate_low_sample_count_percentiles": "string",
              "evaluation_periods": "number",
              "extended_statistic": "string",
              "id": "string",
              "insufficient_data_actions": [
                "set",
                "string"
              ],
              "metric_name": "string",
              "metric_query": [
                "set",
                [
                  "object",
                  {
                    "expression": "string",
                    "id": "string",
                    "label": "string",
                    "metric": [
                      "list",
                      [
                        "object",
                        {
                          "dimensions": [
                            "map",
                            "string"
                          ],
                          "metric_name": "string",
                          "namespace": "string",
                          "period": "number",
                          "stat": "string",
                          "unit": "string"
                        }
                      ]
                    ],
                    "return_data": "bool"
                  }
                ]
              ],
              "namespace": "string",
              "ok_actions": [
                "set",
                "string"
              ],
              "period": "number",
              "statistic": "string",
              "tags": [
                "map",
                "string"
              ],
              "threshold": "number",
              "threshold_metric_id": "string",
              "treat_missing_data": "string",
              "unit": "string"
            }
          ],
          [
            "object",
            {
              "actions_enabled": "bool",
              "alarm_actions": [
                "set",
                "string"
              ],
              "alarm_description": "string",
              "alarm_name": "string",
              "arn": "string",
              "comparison_operator": "string",
              "datapoints_to_alarm": "number",
              "dimensions": [
                "map",
                "string"
              ],
              "evaluate_low_sample_count_percentiles": "string",
              "evaluation_periods": "number",
              "extended_statistic": "string",
              "id": "string",
              "insufficient_data_actions": [
                "set",
                "string"
              ],
              "metric_name": "string",
              "metric_query": [
                "set",
                [
                  "object",
                  {
                    "expression": "string",
                    "id": "string",
                    "label": "string",
                    "metric": [
                      "list",
                      [
                        "object",
                        {
                          "dimensions": [
                            "map",
                            "string"
                          ],
                          "metric_name": "string",
                          "namespace": "string",
                          "period": "number",
                          "stat": "string",
                          "unit": "string"
                        }
                      ]
                    ],
                    "return_data": "bool"
                  }
                ]
              ],
              "namespace": "string",
              "ok_actions": [
                "set",
                "string"
              ],
              "period": "number",
              "statistic": "string",
              "tags": [
                "map",
                "string"
              ],
              "threshold": "number",
              "threshold_metric_id": "string",
              "treat_missing_data": "string",
              "unit": "string"
            }
          ]
        ]
      ]
    },
    "memoryalert": {
      "value": [
        {
          "actions_enabled": true,
          "alarm_actions": [
            "arn:aws:sns:us-east-1:783506265414:patchingdemo786-alarms-topic"
          ],
          "alarm_description": "This metric monitors ec2 disk utilization",
          "alarm_name": "patchingdemoodm-memory-alarm",
          "arn": "arn:aws:cloudwatch:us-east-1:783506265414:alarm:patchingdemoodm-memory-alarm",
          "comparison_operator": "GreaterThanOrEqualToThreshold",
          "datapoints_to_alarm": 0,
          "dimensions": {
            "ImageId": "ami-0bcc094591f354be2",
            "InstanceId": "i-0ad5df6ace6491b09",
            "InstanceType": "c5.large"
          },
          "evaluate_low_sample_count_percentiles": "",
          "evaluation_periods": 2,
          "extended_statistic": "",
          "id": "patchingdemoodm-memory-alarm",
          "insufficient_data_actions": [],
          "metric_name": "mem_used_percent",
          "metric_query": [],
          "namespace": "CWAgent",
          "ok_actions": [],
          "period": 120,
          "statistic": "Average",
          "tags": {},
          "threshold": 90,
          "threshold_metric_id": "",
          "treat_missing_data": "missing",
          "unit": ""
        },
        {
          "actions_enabled": true,
          "alarm_actions": [
            "arn:aws:sns:us-east-1:783506265414:patchingdemo786-alarms-topic"
          ],
          "alarm_description": "This metric monitors ec2 disk utilization",
          "alarm_name": "patchingdemobidx1-memory-alarm",
          "arn": "arn:aws:cloudwatch:us-east-1:783506265414:alarm:patchingdemobidx1-memory-alarm",
          "comparison_operator": "GreaterThanOrEqualToThreshold",
          "datapoints_to_alarm": 0,
          "dimensions": {
            "ImageId": "ami-0bcc094591f354be2",
            "InstanceId": "i-0fae95459cb64de90",
            "InstanceType": "c5.xlarge"
          },
          "evaluate_low_sample_count_percentiles": "",
          "evaluation_periods": 2,
          "extended_statistic": "",
          "id": "patchingdemobidx1-memory-alarm",
          "insufficient_data_actions": [],
          "metric_name": "mem_used_percent",
          "metric_query": [],
          "namespace": "CWAgent",
          "ok_actions": [],
          "period": 120,
          "statistic": "Average",
          "tags": {},
          "threshold": 90,
          "threshold_metric_id": "",
          "treat_missing_data": "missing",
          "unit": ""
        },
        {
          "actions_enabled": true,
          "alarm_actions": [
            "arn:aws:sns:us-east-1:783506265414:patchingdemo786-alarms-topic"
          ],
          "alarm_description": "This metric monitors ec2 disk utilization",
          "alarm_name": "patchingdemobsh-2-memory-alarm",
          "arn": "arn:aws:cloudwatch:us-east-1:783506265414:alarm:patchingdemobsh-2-memory-alarm",
          "comparison_operator": "GreaterThanOrEqualToThreshold",
          "datapoints_to_alarm": 0,
          "dimensions": {
            "ImageId": "ami-0bcc094591f354be2",
            "InstanceId": "i-0f0afa89dc4e6c66b",
            "InstanceType": "c5.xlarge"
          },
          "evaluate_low_sample_count_percentiles": "",
          "evaluation_periods": 2,
          "extended_statistic": "",
          "id": "patchingdemobsh-2-memory-alarm",
          "insufficient_data_actions": [],
          "metric_name": "mem_used_percent",
          "metric_query": [],
          "namespace": "CWAgent",
          "ok_actions": [],
          "period": 120,
          "statistic": "Average",
          "tags": {},
          "threshold": 90,
          "threshold_metric_id": "",
          "treat_missing_data": "missing",
          "unit": ""
        }
      ],
      "type": [
        "tuple",
        [
          [
            "object",
            {
              "actions_enabled": "bool",
              "alarm_actions": [
                "set",
                "string"
              ],
              "alarm_description": "string",
              "alarm_name": "string",
              "arn": "string",
              "comparison_operator": "string",
              "datapoints_to_alarm": "number",
              "dimensions": [
                "map",
                "string"
              ],
              "evaluate_low_sample_count_percentiles": "string",
              "evaluation_periods": "number",
              "extended_statistic": "string",
              "id": "string",
              "insufficient_data_actions": [
                "set",
                "string"
              ],
              "metric_name": "string",
              "metric_query": [
                "set",
                [
                  "object",
                  {
                    "expression": "string",
                    "id": "string",
                    "label": "string",
                    "metric": [
                      "list",
                      [
                        "object",
                        {
                          "dimensions": [
                            "map",
                            "string"
                          ],
                          "metric_name": "string",
                          "namespace": "string",
                          "period": "number",
                          "stat": "string",
                          "unit": "string"
                        }
                      ]
                    ],
                    "return_data": "bool"
                  }
                ]
              ],
              "namespace": "string",
              "ok_actions": [
                "set",
                "string"
              ],
              "period": "number",
              "statistic": "string",
              "tags": [
                "map",
                "string"
              ],
              "threshold": "number",
              "threshold_metric_id": "string",
              "treat_missing_data": "string",
              "unit": "string"
            }
          ],
          [
            "object",
            {
              "actions_enabled": "bool",
              "alarm_actions": [
                "set",
                "string"
              ],
              "alarm_description": "string",
              "alarm_name": "string",
              "arn": "string",
              "comparison_operator": "string",
              "datapoints_to_alarm": "number",
              "dimensions": [
                "map",
                "string"
              ],
              "evaluate_low_sample_count_percentiles": "string",
              "evaluation_periods": "number",
              "extended_statistic": "string",
              "id": "string",
              "insufficient_data_actions": [
                "set",
                "string"
              ],
              "metric_name": "string",
              "metric_query": [
                "set",
                [
                  "object",
                  {
                    "expression": "string",
                    "id": "string",
                    "label": "string",
                    "metric": [
                      "list",
                      [
                        "object",
                        {
                          "dimensions": [
                            "map",
                            "string"
                          ],
                          "metric_name": "string",
                          "namespace": "string",
                          "period": "number",
                          "stat": "string",
                          "unit": "string"
                        }
                      ]
                    ],
                    "return_data": "bool"
                  }
                ]
              ],
              "namespace": "string",
              "ok_actions": [
                "set",
                "string"
              ],
              "period": "number",
              "statistic": "string",
              "tags": [
                "map",
                "string"
              ],
              "threshold": "number",
              "threshold_metric_id": "string",
              "treat_missing_data": "string",
              "unit": "string"
            }
          ],
          [
            "object",
            {
              "actions_enabled": "bool",
              "alarm_actions": [
                "set",
                "string"
              ],
              "alarm_description": "string",
              "alarm_name": "string",
              "arn": "string",
              "comparison_operator": "string",
              "datapoints_to_alarm": "number",
              "dimensions": [
                "map",
                "string"
              ],
              "evaluate_low_sample_count_percentiles": "string",
              "evaluation_periods": "number",
              "extended_statistic": "string",
              "id": "string",
              "insufficient_data_actions": [
                "set",
                "string"
              ],
              "metric_name": "string",
              "metric_query": [
                "set",
                [
                  "object",
                  {
                    "expression": "string",
                    "id": "string",
                    "label": "string",
                    "metric": [
                      "list",
                      [
                        "object",
                        {
                          "dimensions": [
                            "map",
                            "string"
                          ],
                          "metric_name": "string",
                          "namespace": "string",
                          "period": "number",
                          "stat": "string",
                          "unit": "string"
                        }
                      ]
                    ],
                    "return_data": "bool"
                  }
                ]
              ],
              "namespace": "string",
              "ok_actions": [
                "set",
                "string"
              ],
              "period": "number",
              "statistic": "string",
              "tags": [
                "map",
                "string"
              ],
              "threshold": "number",
              "threshold_metric_id": "string",
              "treat_missing_data": "string",
              "unit": "string"
            }
          ]
        ]
      ]
    },
    "sns_topic": {
      "value": {
        "application_failure_feedback_role_arn": "",
        "application_success_feedback_role_arn": "",
        "application_success_feedback_sample_rate": null,
        "arn": "arn:aws:sns:us-east-1:783506265414:patchingdemo786-alarms-topic",
        "delivery_policy": "{\"http\":{\"defaultHealthyRetryPolicy\":{\"minDelayTarget\":20,\"maxDelayTarget\":20,\"numRetries\":3,\"numMaxDelayRetries\":0,\"numNoDelayRetries\":0,\"numMinDelayRetries\":0,\"backoffFunction\":\"linear\"},\"disableSubscriptionOverrides\":false,\"defaultThrottlePolicy\":{\"maxReceivesPerSecond\":1}}}",
        "display_name": "",
        "http_failure_feedback_role_arn": "",
        "http_success_feedback_role_arn": "",
        "http_success_feedback_sample_rate": null,
        "id": "arn:aws:sns:us-east-1:783506265414:patchingdemo786-alarms-topic",
        "kms_master_key_id": "",
        "lambda_failure_feedback_role_arn": "",
        "lambda_success_feedback_role_arn": "",
        "lambda_success_feedback_sample_rate": null,
        "name": "patchingdemo786-alarms-topic",
        "name_prefix": null,
        "policy": "{\"Version\":\"2008-10-17\",\"Id\":\"__default_policy_ID\",\"Statement\":[{\"Sid\":\"__default_statement_ID\",\"Effect\":\"Allow\",\"Principal\":{\"AWS\":\"*\"},\"Action\":[\"SNS:GetTopicAttributes\",\"SNS:SetTopicAttributes\",\"SNS:AddPermission\",\"SNS:RemovePermission\",\"SNS:DeleteTopic\",\"SNS:Subscribe\",\"SNS:ListSubscriptionsByTopic\",\"SNS:Publish\",\"SNS:Receive\"],\"Resource\":\"arn:aws:sns:us-east-1:783506265414:patchingdemo786-alarms-topic\",\"Condition\":{\"StringEquals\":{\"AWS:SourceOwner\":\"783506265414\"}}}]}",
        "sqs_failure_feedback_role_arn": "",
        "sqs_success_feedback_role_arn": "",
        "sqs_success_feedback_sample_rate": null,
        "tags": {}
      },
      "type": [
        "object",
        {
          "application_failure_feedback_role_arn": "string",
          "application_success_feedback_role_arn": "string",
          "application_success_feedback_sample_rate": "number",
          "arn": "string",
          "delivery_policy": "string",
          "display_name": "string",
          "http_failure_feedback_role_arn": "string",
          "http_success_feedback_role_arn": "string",
          "http_success_feedback_sample_rate": "number",
          "id": "string",
          "kms_master_key_id": "string",
          "lambda_failure_feedback_role_arn": "string",
          "lambda_success_feedback_role_arn": "string",
          "lambda_success_feedback_sample_rate": "number",
          "name": "string",
          "name_prefix": "string",
          "policy": "string",
          "sqs_failure_feedback_role_arn": "string",
          "sqs_success_feedback_role_arn": "string",
          "sqs_success_feedback_sample_rate": "number",
          "tags": [
            "map",
            "string"
          ]
        }
      ]
    }
  },
  "resources": [
    {
      "mode": "managed",
      "type": "aws_cloudwatch_metric_alarm",
      "name": "cpu",
      "provider": "provider[\"registry.terraform.io/hashicorp/aws\"]",
      "instances": [
        {
          "index_key": 0,
          "schema_version": 1,
          "attributes": {
            "actions_enabled": true,
            "alarm_actions": [
              "arn:aws:sns:us-east-1:783506265414:patchingdemo786-alarms-topic"
            ],
            "alarm_description": "This metric monitors ec2 cpu utilization",
            "alarm_name": "patchingdemoodm-cpu-alarm",
            "arn": "arn:aws:cloudwatch:us-east-1:783506265414:alarm:patchingdemoodm-cpu-alarm",
            "comparison_operator": "GreaterThanOrEqualToThreshold",
            "datapoints_to_alarm": 0,
            "dimensions": {
              "InstanceId": "i-0ad5df6ace6491b09"
            },
            "evaluate_low_sample_count_percentiles": "",
            "evaluation_periods": 2,
            "extended_statistic": "",
            "id": "patchingdemoodm-cpu-alarm",
            "insufficient_data_actions": [],
            "metric_name": "CPUUtilization",
            "metric_query": [],
            "namespace": "AWS/EC2",
            "ok_actions": [],
            "period": 120,
            "statistic": "Average",
            "tags": {},
            "threshold": 80,
            "threshold_metric_id": "",
            "treat_missing_data": "missing",
            "unit": ""
          },
          "private": "eyJzY2hlbWFfdmVyc2lvbiI6IjEifQ==",
          "dependencies": [
            "aws_sns_topic.alarm"
          ]
        },
        {
          "index_key": 1,
          "schema_version": 1,
          "attributes": {
            "actions_enabled": true,
            "alarm_actions": [
              "arn:aws:sns:us-east-1:783506265414:patchingdemo786-alarms-topic"
            ],
            "alarm_description": "This metric monitors ec2 cpu utilization",
            "alarm_name": "patchingdemobidx1-cpu-alarm",
            "arn": "arn:aws:cloudwatch:us-east-1:783506265414:alarm:patchingdemobidx1-cpu-alarm",
            "comparison_operator": "GreaterThanOrEqualToThreshold",
            "datapoints_to_alarm": 0,
            "dimensions": {
              "InstanceId": "i-0fae95459cb64de90"
            },
            "evaluate_low_sample_count_percentiles": "",
            "evaluation_periods": 2,
            "extended_statistic": "",
            "id": "patchingdemobidx1-cpu-alarm",
            "insufficient_data_actions": [],
            "metric_name": "CPUUtilization",
            "metric_query": [],
            "namespace": "AWS/EC2",
            "ok_actions": [],
            "period": 120,
            "statistic": "Average",
            "tags": {},
            "threshold": 80,
            "threshold_metric_id": "",
            "treat_missing_data": "missing",
            "unit": ""
          },
          "private": "eyJzY2hlbWFfdmVyc2lvbiI6IjEifQ==",
          "dependencies": [
            "aws_sns_topic.alarm"
          ]
        },
        {
          "index_key": 2,
          "schema_version": 1,
          "attributes": {
            "actions_enabled": true,
            "alarm_actions": [
              "arn:aws:sns:us-east-1:783506265414:patchingdemo786-alarms-topic"
            ],
            "alarm_description": "This metric monitors ec2 cpu utilization",
            "alarm_name": "patchingdemobsh-2-cpu-alarm",
            "arn": "arn:aws:cloudwatch:us-east-1:783506265414:alarm:patchingdemobsh-2-cpu-alarm",
            "comparison_operator": "GreaterThanOrEqualToThreshold",
            "datapoints_to_alarm": 0,
            "dimensions": {
              "InstanceId": "i-0f0afa89dc4e6c66b"
            },
            "evaluate_low_sample_count_percentiles": "",
            "evaluation_periods": 2,
            "extended_statistic": "",
            "id": "patchingdemobsh-2-cpu-alarm",
            "insufficient_data_actions": [],
            "metric_name": "CPUUtilization",
            "metric_query": [],
            "namespace": "AWS/EC2",
            "ok_actions": [],
            "period": 120,
            "statistic": "Average",
            "tags": {},
            "threshold": 80,
            "threshold_metric_id": "",
            "treat_missing_data": "missing",
            "unit": ""
          },
          "private": "eyJzY2hlbWFfdmVyc2lvbiI6IjEifQ==",
          "dependencies": [
            "aws_sns_topic.alarm"
          ]
        }
      ]
    },
    {
      "mode": "managed",
      "type": "aws_cloudwatch_metric_alarm",
      "name": "disk",
      "provider": "provider[\"registry.terraform.io/hashicorp/aws\"]",
      "instances": [
        {
          "index_key": 0,
          "schema_version": 1,
          "attributes": {
            "actions_enabled": true,
            "alarm_actions": [
              "arn:aws:sns:us-east-1:783506265414:patchingdemo786-alarms-topic"
            ],
            "alarm_description": "This metric monitors ec2 disk utilization",
            "alarm_name": "patchingdemoodm-disk-alarm",
            "arn": "arn:aws:cloudwatch:us-east-1:783506265414:alarm:patchingdemoodm-disk-alarm",
            "comparison_operator": "GreaterThanOrEqualToThreshold",
            "datapoints_to_alarm": 0,
            "dimensions": {
              "ImageId": "ami-0bcc094591f354be2",
              "InstanceId": "i-0ad5df6ace6491b09",
              "InstanceType": "c5.large",
              "device": "nvme0n1p1",
              "fstype": "ext4",
              "path": "/"
            },
            "evaluate_low_sample_count_percentiles": "",
            "evaluation_periods": 2,
            "extended_statistic": "",
            "id": "patchingdemoodm-disk-alarm",
            "insufficient_data_actions": [],
            "metric_name": "disk_used_percent",
            "metric_query": [],
            "namespace": "CWAgent",
            "ok_actions": [],
            "period": 120,
            "statistic": "Average",
            "tags": {},
            "threshold": 90,
            "threshold_metric_id": "",
            "treat_missing_data": "missing",
            "unit": ""
          },
          "private": "eyJzY2hlbWFfdmVyc2lvbiI6IjEifQ==",
          "dependencies": [
            "aws_sns_topic.alarm"
          ]
        },
        {
          "index_key": 1,
          "schema_version": 1,
          "attributes": {
            "actions_enabled": true,
            "alarm_actions": [
              "arn:aws:sns:us-east-1:783506265414:patchingdemo786-alarms-topic"
            ],
            "alarm_description": "This metric monitors ec2 disk utilization",
            "alarm_name": "patchingdemobidx1-disk-alarm",
            "arn": "arn:aws:cloudwatch:us-east-1:783506265414:alarm:patchingdemobidx1-disk-alarm",
            "comparison_operator": "GreaterThanOrEqualToThreshold",
            "datapoints_to_alarm": 0,
            "dimensions": {
              "ImageId": "ami-0bcc094591f354be2",
              "InstanceId": "i-0fae95459cb64de90",
              "InstanceType": "c5.xlarge",
              "device": "nvme0n1p1",
              "fstype": "ext4",
              "path": "/"
            },
            "evaluate_low_sample_count_percentiles": "",
            "evaluation_periods": 2,
            "extended_statistic": "",
            "id": "patchingdemobidx1-disk-alarm",
            "insufficient_data_actions": [],
            "metric_name": "disk_used_percent",
            "metric_query": [],
            "namespace": "CWAgent",
            "ok_actions": [],
            "period": 120,
            "statistic": "Average",
            "tags": {},
            "threshold": 90,
            "threshold_metric_id": "",
            "treat_missing_data": "missing",
            "unit": ""
          },
          "private": "eyJzY2hlbWFfdmVyc2lvbiI6IjEifQ==",
          "dependencies": [
            "aws_sns_topic.alarm"
          ]
        },
        {
          "index_key": 2,
          "schema_version": 1,
          "attributes": {
            "actions_enabled": true,
            "alarm_actions": [
              "arn:aws:sns:us-east-1:783506265414:patchingdemo786-alarms-topic"
            ],
            "alarm_description": "This metric monitors ec2 disk utilization",
            "alarm_name": "patchingdemobsh-2-disk-alarm",
            "arn": "arn:aws:cloudwatch:us-east-1:783506265414:alarm:patchingdemobsh-2-disk-alarm",
            "comparison_operator": "GreaterThanOrEqualToThreshold",
            "datapoints_to_alarm": 0,
            "dimensions": {
              "ImageId": "ami-0bcc094591f354be2",
              "InstanceId": "i-0f0afa89dc4e6c66b",
              "InstanceType": "c5.xlarge",
              "device": "nvme1n1",
              "fstype": "ext4",
              "path": "/opt"
            },
            "evaluate_low_sample_count_percentiles": "",
            "evaluation_periods": 2,
            "extended_statistic": "",
            "id": "patchingdemobsh-2-disk-alarm",
            "insufficient_data_actions": [],
            "metric_name": "disk_used_percent",
            "metric_query": [],
            "namespace": "CWAgent",
            "ok_actions": [],
            "period": 120,
            "statistic": "Average",
            "tags": {},
            "threshold": 90,
            "threshold_metric_id": "",
            "treat_missing_data": "missing",
            "unit": ""
          },
          "private": "eyJzY2hlbWFfdmVyc2lvbiI6IjEifQ==",
          "dependencies": [
            "aws_sns_topic.alarm"
          ]
        }
      ]
    },
    {
      "mode": "managed",
      "type": "aws_cloudwatch_metric_alarm",
      "name": "memory",
      "provider": "provider[\"registry.terraform.io/hashicorp/aws\"]",
      "instances": [
        {
          "index_key": 0,
          "schema_version": 1,
          "attributes": {
            "actions_enabled": true,
            "alarm_actions": [
              "arn:aws:sns:us-east-1:783506265414:patchingdemo786-alarms-topic"
            ],
            "alarm_description": "This metric monitors ec2 disk utilization",
            "alarm_name": "patchingdemoodm-memory-alarm",
            "arn": "arn:aws:cloudwatch:us-east-1:783506265414:alarm:patchingdemoodm-memory-alarm",
            "comparison_operator": "GreaterThanOrEqualToThreshold",
            "datapoints_to_alarm": 0,
            "dimensions": {
              "ImageId": "ami-0bcc094591f354be2",
              "InstanceId": "i-0ad5df6ace6491b09",
              "InstanceType": "c5.large"
            },
            "evaluate_low_sample_count_percentiles": "",
            "evaluation_periods": 2,
            "extended_statistic": "",
            "id": "patchingdemoodm-memory-alarm",
            "insufficient_data_actions": [],
            "metric_name": "mem_used_percent",
            "metric_query": [],
            "namespace": "CWAgent",
            "ok_actions": [],
            "period": 120,
            "statistic": "Average",
            "tags": {},
            "threshold": 90,
            "threshold_metric_id": "",
            "treat_missing_data": "missing",
            "unit": ""
          },
          "private": "eyJzY2hlbWFfdmVyc2lvbiI6IjEifQ==",
          "dependencies": [
            "aws_sns_topic.alarm"
          ]
        },
        {
          "index_key": 1,
          "schema_version": 1,
          "attributes": {
            "actions_enabled": true,
            "alarm_actions": [
              "arn:aws:sns:us-east-1:783506265414:patchingdemo786-alarms-topic"
            ],
            "alarm_description": "This metric monitors ec2 disk utilization",
            "alarm_name": "patchingdemobidx1-memory-alarm",
            "arn": "arn:aws:cloudwatch:us-east-1:783506265414:alarm:patchingdemobidx1-memory-alarm",
            "comparison_operator": "GreaterThanOrEqualToThreshold",
            "datapoints_to_alarm": 0,
            "dimensions": {
              "ImageId": "ami-0bcc094591f354be2",
              "InstanceId": "i-0fae95459cb64de90",
              "InstanceType": "c5.xlarge"
            },
            "evaluate_low_sample_count_percentiles": "",
            "evaluation_periods": 2,
            "extended_statistic": "",
            "id": "patchingdemobidx1-memory-alarm",
            "insufficient_data_actions": [],
            "metric_name": "mem_used_percent",
            "metric_query": [],
            "namespace": "CWAgent",
            "ok_actions": [],
            "period": 120,
            "statistic": "Average",
            "tags": {},
            "threshold": 90,
            "threshold_metric_id": "",
            "treat_missing_data": "missing",
            "unit": ""
          },
          "private": "eyJzY2hlbWFfdmVyc2lvbiI6IjEifQ==",
          "dependencies": [
            "aws_sns_topic.alarm"
          ]
        },
        {
          "index_key": 2,
          "schema_version": 1,
          "attributes": {
            "actions_enabled": true,
            "alarm_actions": [
              "arn:aws:sns:us-east-1:783506265414:patchingdemo786-alarms-topic"
            ],
            "alarm_description": "This metric monitors ec2 disk utilization",
            "alarm_name": "patchingdemobsh-2-memory-alarm",
            "arn": "arn:aws:cloudwatch:us-east-1:783506265414:alarm:patchingdemobsh-2-memory-alarm",
            "comparison_operator": "GreaterThanOrEqualToThreshold",
            "datapoints_to_alarm": 0,
            "dimensions": {
              "ImageId": "ami-0bcc094591f354be2",
              "InstanceId": "i-0f0afa89dc4e6c66b",
              "InstanceType": "c5.xlarge"
            },
            "evaluate_low_sample_count_percentiles": "",
            "evaluation_periods": 2,
            "extended_statistic": "",
            "id": "patchingdemobsh-2-memory-alarm",
            "insufficient_data_actions": [],
            "metric_name": "mem_used_percent",
            "metric_query": [],
            "namespace": "CWAgent",
            "ok_actions": [],
            "period": 120,
            "statistic": "Average",
            "tags": {},
            "threshold": 90,
            "threshold_metric_id": "",
            "treat_missing_data": "missing",
            "unit": ""
          },
          "private": "eyJzY2hlbWFfdmVyc2lvbiI6IjEifQ==",
          "dependencies": [
            "aws_sns_topic.alarm"
          ]
        }
      ]
    },
    {
      "mode": "managed",
      "type": "aws_sns_topic",
      "name": "alarm",
      "provider": "provider[\"registry.terraform.io/hashicorp/aws\"]",
      "instances": [
        {
          "schema_version": 0,
          "attributes": {
            "application_failure_feedback_role_arn": "",
            "application_success_feedback_role_arn": "",
            "application_success_feedback_sample_rate": null,
            "arn": "arn:aws:sns:us-east-1:783506265414:patchingdemo786-alarms-topic",
            "delivery_policy": "{\"http\":{\"defaultHealthyRetryPolicy\":{\"minDelayTarget\":20,\"maxDelayTarget\":20,\"numRetries\":3,\"numMaxDelayRetries\":0,\"numNoDelayRetries\":0,\"numMinDelayRetries\":0,\"backoffFunction\":\"linear\"},\"disableSubscriptionOverrides\":false,\"defaultThrottlePolicy\":{\"maxReceivesPerSecond\":1}}}",
            "display_name": "",
            "http_failure_feedback_role_arn": "",
            "http_success_feedback_role_arn": "",
            "http_success_feedback_sample_rate": null,
            "id": "arn:aws:sns:us-east-1:783506265414:patchingdemo786-alarms-topic",
            "kms_master_key_id": "",
            "lambda_failure_feedback_role_arn": "",
            "lambda_success_feedback_role_arn": "",
            "lambda_success_feedback_sample_rate": null,
            "name": "patchingdemo786-alarms-topic",
            "name_prefix": null,
            "policy": "{\"Version\":\"2008-10-17\",\"Id\":\"__default_policy_ID\",\"Statement\":[{\"Sid\":\"__default_statement_ID\",\"Effect\":\"Allow\",\"Principal\":{\"AWS\":\"*\"},\"Action\":[\"SNS:GetTopicAttributes\",\"SNS:SetTopicAttributes\",\"SNS:AddPermission\",\"SNS:RemovePermission\",\"SNS:DeleteTopic\",\"SNS:Subscribe\",\"SNS:ListSubscriptionsByTopic\",\"SNS:Publish\",\"SNS:Receive\"],\"Resource\":\"arn:aws:sns:us-east-1:783506265414:patchingdemo786-alarms-topic\",\"Condition\":{\"StringEquals\":{\"AWS:SourceOwner\":\"783506265414\"}}}]}",
            "sqs_failure_feedback_role_arn": "",
            "sqs_success_feedback_role_arn": "",
            "sqs_success_feedback_sample_rate": null,
            "tags": {}
          },
          "private": "bnVsbA=="
        }
      ]
    }
  ]
}
